// !$*UTF8*$!
{
	archiveVersion = 1;
	classes = {
	};
	objectVersion = 50;
	objects = {

/* Begin PBXBuildFile section */
		4323E52B21A8A7900072D758 /* MarketPlaceViewController.swift in Sources */ = {isa = PBXBuildFile; fileRef = 4323E52A21A8A7900072D758 /* MarketPlaceViewController.swift */; };
		4323E52D21A9C9390072D758 /* CustomTableViewCell.swift in Sources */ = {isa = PBXBuildFile; fileRef = 4323E52C21A9C9390072D758 /* CustomTableViewCell.swift */; };
		4323E52F21A9CC930072D758 /* Extention.swift in Sources */ = {isa = PBXBuildFile; fileRef = 4323E52E21A9CC930072D758 /* Extention.swift */; };
		4323E53121A9CFF90072D758 /* Item.swift in Sources */ = {isa = PBXBuildFile; fileRef = 4323E53021A9CFF90072D758 /* Item.swift */; };
		43EC30CC2172C2B40073567C /* AppDelegate.swift in Sources */ = {isa = PBXBuildFile; fileRef = 43EC30CB2172C2B40073567C /* AppDelegate.swift */; };
		43EC30CE2172C2B40073567C /* art.scnassets in Resources */ = {isa = PBXBuildFile; fileRef = 43EC30CD2172C2B40073567C /* art.scnassets */; };
		43EC30D02172C2B40073567C /* ARViewController.swift in Sources */ = {isa = PBXBuildFile; fileRef = 43EC30CF2172C2B40073567C /* ARViewController.swift */; };
		43EC30D52172C2B80073567C /* Assets.xcassets in Resources */ = {isa = PBXBuildFile; fileRef = 43EC30D42172C2B80073567C /* Assets.xcassets */; };
		43EC30D82172C2B80073567C /* LaunchScreen.storyboard in Resources */ = {isa = PBXBuildFile; fileRef = 43EC30D62172C2B80073567C /* LaunchScreen.storyboard */; };
		500910942198BF02002BF5A2 /* LoginViewController.swift in Sources */ = {isa = PBXBuildFile; fileRef = 500910932198BF02002BF5A2 /* LoginViewController.swift */; };
		50185FE821B4644200C88539 /* Credentials.swift in Sources */ = {isa = PBXBuildFile; fileRef = 50185FE721B4644200C88539 /* Credentials.swift */; };
		50185FEB21B467C200C88539 /* Data+Utils.swift in Sources */ = {isa = PBXBuildFile; fileRef = 50185FEA21B467C200C88539 /* Data+Utils.swift */; };
		50185FED21B467D900C88539 /* URLSession+utils.swift in Sources */ = {isa = PBXBuildFile; fileRef = 50185FEC21B467D900C88539 /* URLSession+utils.swift */; };
		50185FEF21B46A1300C88539 /* URL+constants.swift in Sources */ = {isa = PBXBuildFile; fileRef = 50185FEE21B46A1300C88539 /* URL+constants.swift */; };
		50185FF321B479FE00C88539 /* Codable+utils.swift in Sources */ = {isa = PBXBuildFile; fileRef = 50185FF221B479FE00C88539 /* Codable+utils.swift */; };
		5021A83D21BC36C500177CC7 /* UIAlertController+error.swift in Sources */ = {isa = PBXBuildFile; fileRef = 5021A83C21BC36C500177CC7 /* UIAlertController+error.swift */; };
		5021A83F21BC5A1600177CC7 /* ARSCNView+utils.swift in Sources */ = {isa = PBXBuildFile; fileRef = 5021A83E21BC5A1600177CC7 /* ARSCNView+utils.swift */; };
		5021A84121BDD07500177CC7 /* UIButton+styling.swift in Sources */ = {isa = PBXBuildFile; fileRef = 5021A84021BDD07500177CC7 /* UIButton+styling.swift */; };
		5021A84321BDD1D400177CC7 /* UIViewController+utils.swift in Sources */ = {isa = PBXBuildFile; fileRef = 5021A84221BDD1D400177CC7 /* UIViewController+utils.swift */; };
		5021A84521BDDCAC00177CC7 /* ARViewController+SCNDelegate.swift in Sources */ = {isa = PBXBuildFile; fileRef = 5021A84421BDDCAC00177CC7 /* ARViewController+SCNDelegate.swift */; };
		5021A84721BDDF2B00177CC7 /* ImageRecResponse.swift in Sources */ = {isa = PBXBuildFile; fileRef = 5021A84621BDDF2B00177CC7 /* ImageRecResponse.swift */; };
		5021A84921BDDFBD00177CC7 /* ARWorldMap+utils.swift in Sources */ = {isa = PBXBuildFile; fileRef = 5021A84821BDDFBD00177CC7 /* ARWorldMap+utils.swift */; };
		505D9CFE21A4643E0099009A /* RegisterViewController.swift in Sources */ = {isa = PBXBuildFile; fileRef = 505D9CFD21A4643E0099009A /* RegisterViewController.swift */; };
/* End PBXBuildFile section */

/* Begin PBXFileReference section */
		4323E52A21A8A7900072D758 /* MarketPlaceViewController.swift */ = {isa = PBXFileReference; lastKnownFileType = sourcecode.swift; path = MarketPlaceViewController.swift; sourceTree = "<group>"; };
		4323E52C21A9C9390072D758 /* CustomTableViewCell.swift */ = {isa = PBXFileReference; lastKnownFileType = sourcecode.swift; path = CustomTableViewCell.swift; sourceTree = "<group>"; };
		4323E52E21A9CC930072D758 /* Extention.swift */ = {isa = PBXFileReference; lastKnownFileType = sourcecode.swift; path = Extention.swift; sourceTree = "<group>"; };
		4323E53021A9CFF90072D758 /* Item.swift */ = {isa = PBXFileReference; lastKnownFileType = sourcecode.swift; path = Item.swift; sourceTree = "<group>"; };
		43EC30C82172C2B40073567C /* leARn 1.0.app */ = {isa = PBXFileReference; explicitFileType = wrapper.application; includeInIndex = 0; path = "leARn 1.0.app"; sourceTree = BUILT_PRODUCTS_DIR; };
		43EC30CB2172C2B40073567C /* AppDelegate.swift */ = {isa = PBXFileReference; lastKnownFileType = sourcecode.swift; path = AppDelegate.swift; sourceTree = "<group>"; };
		43EC30CD2172C2B40073567C /* art.scnassets */ = {isa = PBXFileReference; lastKnownFileType = wrapper.scnassets; path = art.scnassets; sourceTree = "<group>"; };
		43EC30CF2172C2B40073567C /* ARViewController.swift */ = {isa = PBXFileReference; lastKnownFileType = sourcecode.swift; path = ARViewController.swift; sourceTree = "<group>"; };
		43EC30D42172C2B80073567C /* Assets.xcassets */ = {isa = PBXFileReference; lastKnownFileType = folder.assetcatalog; path = Assets.xcassets; sourceTree = "<group>"; };
		43EC30D72172C2B80073567C /* Base */ = {isa = PBXFileReference; lastKnownFileType = file.storyboard; name = Base; path = Base.lproj/LaunchScreen.storyboard; sourceTree = "<group>"; };
		43EC30D92172C2B80073567C /* Info.plist */ = {isa = PBXFileReference; lastKnownFileType = text.plist.xml; path = Info.plist; sourceTree = "<group>"; };
		43EC30E22172C2B80073567C /* leARn_1_0Tests.swift */ = {isa = PBXFileReference; lastKnownFileType = sourcecode.swift; path = leARn_1_0Tests.swift; sourceTree = "<group>"; };
		43EC30E42172C2B80073567C /* Info.plist */ = {isa = PBXFileReference; lastKnownFileType = text.plist.xml; path = Info.plist; sourceTree = "<group>"; };
		43EC30ED2172C2B80073567C /* leARn_1_0UITests.swift */ = {isa = PBXFileReference; lastKnownFileType = sourcecode.swift; path = leARn_1_0UITests.swift; sourceTree = "<group>"; };
		43EC30EF2172C2B80073567C /* Info.plist */ = {isa = PBXFileReference; lastKnownFileType = text.plist.xml; path = Info.plist; sourceTree = "<group>"; };
		500910932198BF02002BF5A2 /* LoginViewController.swift */ = {isa = PBXFileReference; lastKnownFileType = sourcecode.swift; path = LoginViewController.swift; sourceTree = "<group>"; };
		50185FE721B4644200C88539 /* Credentials.swift */ = {isa = PBXFileReference; lastKnownFileType = sourcecode.swift; path = Credentials.swift; sourceTree = "<group>"; };
		50185FEA21B467C200C88539 /* Data+Utils.swift */ = {isa = PBXFileReference; lastKnownFileType = sourcecode.swift; path = "Data+Utils.swift"; sourceTree = "<group>"; };
		50185FEC21B467D900C88539 /* URLSession+utils.swift */ = {isa = PBXFileReference; lastKnownFileType = sourcecode.swift; path = "URLSession+utils.swift"; sourceTree = "<group>"; };
		50185FEE21B46A1300C88539 /* URL+constants.swift */ = {isa = PBXFileReference; lastKnownFileType = sourcecode.swift; path = "URL+constants.swift"; sourceTree = "<group>"; };
		50185FF221B479FE00C88539 /* Codable+utils.swift */ = {isa = PBXFileReference; lastKnownFileType = sourcecode.swift; path = "Codable+utils.swift"; sourceTree = "<group>"; };
		5021A83C21BC36C500177CC7 /* UIAlertController+error.swift */ = {isa = PBXFileReference; lastKnownFileType = sourcecode.swift; path = "UIAlertController+error.swift"; sourceTree = "<group>"; };
		5021A83E21BC5A1600177CC7 /* ARSCNView+utils.swift */ = {isa = PBXFileReference; lastKnownFileType = sourcecode.swift; path = "ARSCNView+utils.swift"; sourceTree = "<group>"; };
		5021A84021BDD07500177CC7 /* UIButton+styling.swift */ = {isa = PBXFileReference; lastKnownFileType = sourcecode.swift; path = "UIButton+styling.swift"; sourceTree = "<group>"; };
		5021A84221BDD1D400177CC7 /* UIViewController+utils.swift */ = {isa = PBXFileReference; lastKnownFileType = sourcecode.swift; path = "UIViewController+utils.swift"; sourceTree = "<group>"; };
		5021A84421BDDCAC00177CC7 /* ARViewController+SCNDelegate.swift */ = {isa = PBXFileReference; lastKnownFileType = sourcecode.swift; path = "ARViewController+SCNDelegate.swift"; sourceTree = "<group>"; };
		5021A84621BDDF2B00177CC7 /* ImageRecResponse.swift */ = {isa = PBXFileReference; lastKnownFileType = sourcecode.swift; path = ImageRecResponse.swift; sourceTree = "<group>"; };
		5021A84821BDDFBD00177CC7 /* ARWorldMap+utils.swift */ = {isa = PBXFileReference; lastKnownFileType = sourcecode.swift; path = "ARWorldMap+utils.swift"; sourceTree = "<group>"; };
		505D9CFD21A4643E0099009A /* RegisterViewController.swift */ = {isa = PBXFileReference; lastKnownFileType = sourcecode.swift; path = RegisterViewController.swift; sourceTree = "<group>"; };
/* End PBXFileReference section */

/* Begin PBXFrameworksBuildPhase section */
		43EC30C52172C2B40073567C /* Frameworks */ = {
			isa = PBXFrameworksBuildPhase;
			buildActionMask = 2147483647;
			files = (
			);
			runOnlyForDeploymentPostprocessing = 0;
		};
/* End PBXFrameworksBuildPhase section */

/* Begin PBXGroup section */
		43EC30BF2172C2B40073567C = {
			isa = PBXGroup;
			children = (
				43EC30CA2172C2B40073567C /* leARn 1.0 */,
				43EC30E12172C2B80073567C /* leARn 1.0Tests */,
				43EC30EC2172C2B80073567C /* leARn 1.0UITests */,
				43EC30C92172C2B40073567C /* Products */,
			);
			sourceTree = "<group>";
		};
		43EC30C92172C2B40073567C /* Products */ = {
			isa = PBXGroup;
			children = (
				43EC30C82172C2B40073567C /* leARn 1.0.app */,
			);
			name = Products;
			sourceTree = "<group>";
		};
		43EC30CA2172C2B40073567C /* leARn 1.0 */ = {
			isa = PBXGroup;
			children = (
				43EC30CB2172C2B40073567C /* AppDelegate.swift */,
				50185FE621B4643400C88539 /* Models */,
				500910912198BEC5002BF5A2 /* ViewControllers */,
				50185FE921B467AE00C88539 /* Extensions */,
				500910922198BED9002BF5A2 /* Supporting Files */,
			);
			path = "leARn 1.0";
			sourceTree = "<group>";
		};
		43EC30E12172C2B80073567C /* leARn 1.0Tests */ = {
			isa = PBXGroup;
			children = (
				43EC30E22172C2B80073567C /* leARn_1_0Tests.swift */,
				43EC30E42172C2B80073567C /* Info.plist */,
			);
			path = "leARn 1.0Tests";
			sourceTree = "<group>";
		};
		43EC30EC2172C2B80073567C /* leARn 1.0UITests */ = {
			isa = PBXGroup;
			children = (
				43EC30ED2172C2B80073567C /* leARn_1_0UITests.swift */,
				43EC30EF2172C2B80073567C /* Info.plist */,
			);
			path = "leARn 1.0UITests";
			sourceTree = "<group>";
		};
		500910912198BEC5002BF5A2 /* ViewControllers */ = {
			isa = PBXGroup;
			children = (
				43EC30CF2172C2B40073567C /* ARViewController.swift */,
				5021A84421BDDCAC00177CC7 /* ARViewController+SCNDelegate.swift */,
				500910932198BF02002BF5A2 /* LoginViewController.swift */,
				505D9CFD21A4643E0099009A /* RegisterViewController.swift */,
				4323E52A21A8A7900072D758 /* MarketPlaceViewController.swift */,
			);
			path = ViewControllers;
			sourceTree = "<group>";
		};
		500910922198BED9002BF5A2 /* Supporting Files */ = {
			isa = PBXGroup;
			children = (
				43EC30D92172C2B80073567C /* Info.plist */,
				43EC30D62172C2B80073567C /* LaunchScreen.storyboard */,
				43EC30D42172C2B80073567C /* Assets.xcassets */,
				43EC30CD2172C2B40073567C /* art.scnassets */,
				4323E52C21A9C9390072D758 /* CustomTableViewCell.swift */,
				4323E52E21A9CC930072D758 /* Extention.swift */,
				4323E53021A9CFF90072D758 /* Item.swift */,
			);
			path = "Supporting Files";
			sourceTree = "<group>";
		};
		50185FE621B4643400C88539 /* Models */ = {
			isa = PBXGroup;
			children = (
				50185FE721B4644200C88539 /* Credentials.swift */,
				5021A84621BDDF2B00177CC7 /* ImageRecResponse.swift */,
			);
			path = Models;
			sourceTree = "<group>";
		};
		50185FE921B467AE00C88539 /* Extensions */ = {
			isa = PBXGroup;
			children = (
				50185FEA21B467C200C88539 /* Data+Utils.swift */,
				50185FEC21B467D900C88539 /* URLSession+utils.swift */,
				50185FEE21B46A1300C88539 /* URL+constants.swift */,
				50185FF221B479FE00C88539 /* Codable+utils.swift */,
				5021A83C21BC36C500177CC7 /* UIAlertController+error.swift */,
				5021A83E21BC5A1600177CC7 /* ARSCNView+utils.swift */,
				5021A84021BDD07500177CC7 /* UIButton+styling.swift */,
				5021A84221BDD1D400177CC7 /* UIViewController+utils.swift */,
				5021A84821BDDFBD00177CC7 /* ARWorldMap+utils.swift */,
			);
			path = Extensions;
			sourceTree = "<group>";
		};
/* End PBXGroup section */

/* Begin PBXNativeTarget section */
		43EC30C72172C2B40073567C /* leARn 1.0 */ = {
			isa = PBXNativeTarget;
			buildConfigurationList = 43EC30F22172C2B80073567C /* Build configuration list for PBXNativeTarget "leARn 1.0" */;
			buildPhases = (
				43EC30C42172C2B40073567C /* Sources */,
				43EC30C52172C2B40073567C /* Frameworks */,
				43EC30C62172C2B40073567C /* Resources */,
			);
			buildRules = (
			);
			dependencies = (
			);
			name = "leARn 1.0";
			productName = "leARn 1.0";
			productReference = 43EC30C82172C2B40073567C /* leARn 1.0.app */;
			productType = "com.apple.product-type.application";
		};
/* End PBXNativeTarget section */

/* Begin PBXProject section */
		43EC30C02172C2B40073567C /* Project object */ = {
			isa = PBXProject;
			attributes = {
				LastSwiftUpdateCheck = 0940;
				LastUpgradeCheck = 0940;
				ORGANIZATIONNAME = "Daniel Suissa";
				TargetAttributes = {
					43EC30C72172C2B40073567C = {
						CreatedOnToolsVersion = 9.4.1;
						LastSwiftMigration = 1010;
						SystemCapabilities = {
							com.apple.DataProtection = {
								enabled = 0;
							};
							com.apple.Keychain = {
								enabled = 0;
							};
						};
					};
				};
			};
			buildConfigurationList = 43EC30C32172C2B40073567C /* Build configuration list for PBXProject "leARn 1.0" */;
			compatibilityVersion = "Xcode 9.3";
			developmentRegion = en;
			hasScannedForEncodings = 0;
			knownRegions = (
				en,
				Base,
			);
			mainGroup = 43EC30BF2172C2B40073567C;
			productRefGroup = 43EC30C92172C2B40073567C /* Products */;
			projectDirPath = "";
			projectRoot = "";
			targets = (
				43EC30C72172C2B40073567C /* leARn 1.0 */,
			);
		};
/* End PBXProject section */

/* Begin PBXResourcesBuildPhase section */
		43EC30C62172C2B40073567C /* Resources */ = {
			isa = PBXResourcesBuildPhase;
			buildActionMask = 2147483647;
			files = (
				43EC30CE2172C2B40073567C /* art.scnassets in Resources */,
				43EC30D82172C2B80073567C /* LaunchScreen.storyboard in Resources */,
				43EC30D52172C2B80073567C /* Assets.xcassets in Resources */,
			);
			runOnlyForDeploymentPostprocessing = 0;
		};
/* End PBXResourcesBuildPhase section */

/* Begin PBXSourcesBuildPhase section */
		43EC30C42172C2B40073567C /* Sources */ = {
			isa = PBXSourcesBuildPhase;
			buildActionMask = 2147483647;
			files = (
				5021A84121BDD07500177CC7 /* UIButton+styling.swift in Sources */,
				5021A84521BDDCAC00177CC7 /* ARViewController+SCNDelegate.swift in Sources */,
				4323E52D21A9C9390072D758 /* CustomTableViewCell.swift in Sources */,
				500910942198BF02002BF5A2 /* LoginViewController.swift in Sources */,
				5021A84321BDD1D400177CC7 /* UIViewController+utils.swift in Sources */,
				5021A83F21BC5A1600177CC7 /* ARSCNView+utils.swift in Sources */,
				50185FEF21B46A1300C88539 /* URL+constants.swift in Sources */,
				50185FED21B467D900C88539 /* URLSession+utils.swift in Sources */,
				50185FEB21B467C200C88539 /* Data+Utils.swift in Sources */,
				5021A83D21BC36C500177CC7 /* UIAlertController+error.swift in Sources */,
				50185FF321B479FE00C88539 /* Codable+utils.swift in Sources */,
				43EC30D02172C2B40073567C /* ARViewController.swift in Sources */,
				4323E52B21A8A7900072D758 /* MarketPlaceViewController.swift in Sources */,
				4323E53121A9CFF90072D758 /* Item.swift in Sources */,
				5021A84921BDDFBD00177CC7 /* ARWorldMap+utils.swift in Sources */,
				50185FE821B4644200C88539 /* Credentials.swift in Sources */,
				43EC30CC2172C2B40073567C /* AppDelegate.swift in Sources */,
				505D9CFE21A4643E0099009A /* RegisterViewController.swift in Sources */,
				5021A84721BDDF2B00177CC7 /* ImageRecResponse.swift in Sources */,
				4323E52F21A9CC930072D758 /* Extention.swift in Sources */,
			);
			runOnlyForDeploymentPostprocessing = 0;
		};
/* End PBXSourcesBuildPhase section */

/* Begin PBXVariantGroup section */
		43EC30D62172C2B80073567C /* LaunchScreen.storyboard */ = {
			isa = PBXVariantGroup;
			children = (
				43EC30D72172C2B80073567C /* Base */,
			);
			name = LaunchScreen.storyboard;
			sourceTree = "<group>";
		};
/* End PBXVariantGroup section */

/* Begin XCBuildConfiguration section */
		43EC30F02172C2B80073567C /* Debug */ = {
			isa = XCBuildConfiguration;
			buildSettings = {
				ALWAYS_EMBED_SWIFT_STANDARD_LIBRARIES = NO;
				ALWAYS_SEARCH_USER_PATHS = NO;
				CLANG_ANALYZER_NONNULL = YES;
				CLANG_ANALYZER_NUMBER_OBJECT_CONVERSION = YES_AGGRESSIVE;
				CLANG_CXX_LANGUAGE_STANDARD = "gnu++14";
				CLANG_CXX_LIBRARY = "libc++";
				CLANG_ENABLE_MODULES = YES;
				CLANG_ENABLE_OBJC_ARC = YES;
				CLANG_ENABLE_OBJC_WEAK = YES;
				CLANG_WARN_BLOCK_CAPTURE_AUTORELEASING = YES;
				CLANG_WARN_BOOL_CONVERSION = YES;
				CLANG_WARN_COMMA = YES;
				CLANG_WARN_CONSTANT_CONVERSION = YES;
				CLANG_WARN_DEPRECATED_OBJC_IMPLEMENTATIONS = YES;
				CLANG_WARN_DIRECT_OBJC_ISA_USAGE = YES_ERROR;
				CLANG_WARN_DOCUMENTATION_COMMENTS = YES;
				CLANG_WARN_EMPTY_BODY = YES;
				CLANG_WARN_ENUM_CONVERSION = YES;
				CLANG_WARN_INFINITE_RECURSION = YES;
				CLANG_WARN_INT_CONVERSION = YES;
				CLANG_WARN_NON_LITERAL_NULL_CONVERSION = YES;
				CLANG_WARN_OBJC_IMPLICIT_RETAIN_SELF = YES;
				CLANG_WARN_OBJC_LITERAL_CONVERSION = YES;
				CLANG_WARN_OBJC_ROOT_CLASS = YES_ERROR;
				CLANG_WARN_RANGE_LOOP_ANALYSIS = YES;
				CLANG_WARN_STRICT_PROTOTYPES = YES;
				CLANG_WARN_SUSPICIOUS_MOVE = YES;
				CLANG_WARN_UNGUARDED_AVAILABILITY = YES_AGGRESSIVE;
				CLANG_WARN_UNREACHABLE_CODE = YES;
				CLANG_WARN__DUPLICATE_METHOD_MATCH = YES;
				CODE_SIGN_IDENTITY = "iPhone Developer";
				COPY_PHASE_STRIP = NO;
				DEBUG_INFORMATION_FORMAT = dwarf;
				ENABLE_STRICT_OBJC_MSGSEND = YES;
				ENABLE_TESTABILITY = YES;
				GCC_C_LANGUAGE_STANDARD = gnu11;
				GCC_DYNAMIC_NO_PIC = NO;
				GCC_NO_COMMON_BLOCKS = YES;
				GCC_OPTIMIZATION_LEVEL = 0;
				GCC_PREPROCESSOR_DEFINITIONS = (
					"DEBUG=1",
					"$(inherited)",
				);
				GCC_WARN_64_TO_32_BIT_CONVERSION = YES;
				GCC_WARN_ABOUT_RETURN_TYPE = YES_ERROR;
				GCC_WARN_UNDECLARED_SELECTOR = YES;
				GCC_WARN_UNINITIALIZED_AUTOS = YES_AGGRESSIVE;
				GCC_WARN_UNUSED_FUNCTION = YES;
				GCC_WARN_UNUSED_VARIABLE = YES;
				IPHONEOS_DEPLOYMENT_TARGET = 12.0;
				MTL_ENABLE_DEBUG_INFO = YES;
				ONLY_ACTIVE_ARCH = YES;
				SDKROOT = iphoneos;
				SWIFT_ACTIVE_COMPILATION_CONDITIONS = DEBUG;
				SWIFT_OPTIMIZATION_LEVEL = "-Onone";
			};
			name = Debug;
		};
		43EC30F12172C2B80073567C /* Release */ = {
			isa = XCBuildConfiguration;
			buildSettings = {
				ALWAYS_EMBED_SWIFT_STANDARD_LIBRARIES = NO;
				ALWAYS_SEARCH_USER_PATHS = NO;
				CLANG_ANALYZER_NONNULL = YES;
				CLANG_ANALYZER_NUMBER_OBJECT_CONVERSION = YES_AGGRESSIVE;
				CLANG_CXX_LANGUAGE_STANDARD = "gnu++14";
				CLANG_CXX_LIBRARY = "libc++";
				CLANG_ENABLE_MODULES = YES;
				CLANG_ENABLE_OBJC_ARC = YES;
				CLANG_ENABLE_OBJC_WEAK = YES;
				CLANG_WARN_BLOCK_CAPTURE_AUTORELEASING = YES;
				CLANG_WARN_BOOL_CONVERSION = YES;
				CLANG_WARN_COMMA = YES;
				CLANG_WARN_CONSTANT_CONVERSION = YES;
				CLANG_WARN_DEPRECATED_OBJC_IMPLEMENTATIONS = YES;
				CLANG_WARN_DIRECT_OBJC_ISA_USAGE = YES_ERROR;
				CLANG_WARN_DOCUMENTATION_COMMENTS = YES;
				CLANG_WARN_EMPTY_BODY = YES;
				CLANG_WARN_ENUM_CONVERSION = YES;
				CLANG_WARN_INFINITE_RECURSION = YES;
				CLANG_WARN_INT_CONVERSION = YES;
				CLANG_WARN_NON_LITERAL_NULL_CONVERSION = YES;
				CLANG_WARN_OBJC_IMPLICIT_RETAIN_SELF = YES;
				CLANG_WARN_OBJC_LITERAL_CONVERSION = YES;
				CLANG_WARN_OBJC_ROOT_CLASS = YES_ERROR;
				CLANG_WARN_RANGE_LOOP_ANALYSIS = YES;
				CLANG_WARN_STRICT_PROTOTYPES = YES;
				CLANG_WARN_SUSPICIOUS_MOVE = YES;
				CLANG_WARN_UNGUARDED_AVAILABILITY = YES_AGGRESSIVE;
				CLANG_WARN_UNREACHABLE_CODE = YES;
				CLANG_WARN__DUPLICATE_METHOD_MATCH = YES;
				CODE_SIGN_IDENTITY = "iPhone Developer";
				COPY_PHASE_STRIP = NO;
				DEBUG_INFORMATION_FORMAT = "dwarf-with-dsym";
				ENABLE_NS_ASSERTIONS = NO;
				ENABLE_STRICT_OBJC_MSGSEND = YES;
				GCC_C_LANGUAGE_STANDARD = gnu11;
				GCC_NO_COMMON_BLOCKS = YES;
				GCC_WARN_64_TO_32_BIT_CONVERSION = YES;
				GCC_WARN_ABOUT_RETURN_TYPE = YES_ERROR;
				GCC_WARN_UNDECLARED_SELECTOR = YES;
				GCC_WARN_UNINITIALIZED_AUTOS = YES_AGGRESSIVE;
				GCC_WARN_UNUSED_FUNCTION = YES;
				GCC_WARN_UNUSED_VARIABLE = YES;
				IPHONEOS_DEPLOYMENT_TARGET = 12.0;
				MTL_ENABLE_DEBUG_INFO = NO;
				SDKROOT = iphoneos;
				SWIFT_COMPILATION_MODE = wholemodule;
				SWIFT_OPTIMIZATION_LEVEL = "-O";
				VALIDATE_PRODUCT = YES;
			};
			name = Release;
		};
		43EC30F32172C2B80073567C /* Debug */ = {
			isa = XCBuildConfiguration;
			buildSettings = {
				ASSETCATALOG_COMPILER_APPICON_NAME = AppIcon;
				CODE_SIGN_STYLE = Automatic;
				DEVELOPMENT_TEAM = 2338K87G7Y;
				INFOPLIST_FILE = "$(SRCROOT)/leARn 1.0/Supporting Files/Info.plist";
				IPHONEOS_DEPLOYMENT_TARGET = 12.0;
				LD_RUNPATH_SEARCH_PATHS = (
					"$(inherited)",
					"@executable_path/Frameworks",
				);
				PRODUCT_BUNDLE_IDENTIFIER = com.danielsuissa.learn;
				PRODUCT_NAME = "$(TARGET_NAME)";
				SWIFT_VERSION = 4.2;
				TARGETED_DEVICE_FAMILY = "1,2";
			};
			name = Debug;
		};
		43EC30F42172C2B80073567C /* Release */ = {
			isa = XCBuildConfiguration;
			buildSettings = {
				ASSETCATALOG_COMPILER_APPICON_NAME = AppIcon;
				CODE_SIGN_STYLE = Automatic;
				DEVELOPMENT_TEAM = 2338K87G7Y;
				INFOPLIST_FILE = "$(SRCROOT)/leARn 1.0/Supporting Files/Info.plist";
				IPHONEOS_DEPLOYMENT_TARGET = 12.0;
				LD_RUNPATH_SEARCH_PATHS = (
					"$(inherited)",
					"@executable_path/Frameworks",
				);
				PRODUCT_BUNDLE_IDENTIFIER = com.danielsuissa.learn;
				PRODUCT_NAME = "$(TARGET_NAME)";
				SWIFT_VERSION = 4.2;
				TARGETED_DEVICE_FAMILY = "1,2";
			};
			name = Release;
		};
/* End XCBuildConfiguration section */

/* Begin XCConfigurationList section */
		43EC30C32172C2B40073567C /* Build configuration list for PBXProject "leARn 1.0" */ = {
			isa = XCConfigurationList;
			buildConfigurations = (
				43EC30F02172C2B80073567C /* Debug */,
				43EC30F12172C2B80073567C /* Release */,
			);
			defaultConfigurationIsVisible = 0;
			defaultConfigurationName = Release;
		};
		43EC30F22172C2B80073567C /* Build configuration list for PBXNativeTarget "leARn 1.0" */ = {
			isa = XCConfigurationList;
			buildConfigurations = (
				43EC30F32172C2B80073567C /* Debug */,
				43EC30F42172C2B80073567C /* Release */,
			);
			defaultConfigurationIsVisible = 0;
			defaultConfigurationName = Release;
		};
/* End XCConfigurationList section */
	};
	rootObject = 43EC30C02172C2B40073567C /* Project object */;
}
